// !$*UTF8*$!
{
	archiveVersion = 1;
	classes = {
	};
	objectVersion = 50;
	objects = {

/* Begin PBXBuildFile section */
		B3D3F02122432A1500F8111A /* AppDelegate.swift in Sources */ = {isa = PBXBuildFile; fileRef = B3D3F02022432A1500F8111A /* AppDelegate.swift */; };
		B3D3F02822432A1600F8111A /* Assets.xcassets in Resources */ = {isa = PBXBuildFile; fileRef = B3D3F02722432A1600F8111A /* Assets.xcassets */; };
		B3D3F02B22432A1600F8111A /* LaunchScreen.storyboard in Resources */ = {isa = PBXBuildFile; fileRef = B3D3F02922432A1600F8111A /* LaunchScreen.storyboard */; };
		B3D3F03622432A1600F8111A /* CinemaAppTests.swift in Sources */ = {isa = PBXBuildFile; fileRef = B3D3F03522432A1600F8111A /* CinemaAppTests.swift */; };
		B3D3F04122432A1600F8111A /* CinemaAppUITests.swift in Sources */ = {isa = PBXBuildFile; fileRef = B3D3F04022432A1600F8111A /* CinemaAppUITests.swift */; };
/* End PBXBuildFile section */

/* Begin PBXContainerItemProxy section */
		B3D3F03222432A1600F8111A /* PBXContainerItemProxy */ = {
			isa = PBXContainerItemProxy;
			containerPortal = B3D3F01522432A1500F8111A /* Project object */;
			proxyType = 1;
			remoteGlobalIDString = B3D3F01C22432A1500F8111A;
			remoteInfo = CinemaApp;
		};
		B3D3F03D22432A1600F8111A /* PBXContainerItemProxy */ = {
			isa = PBXContainerItemProxy;
			containerPortal = B3D3F01522432A1500F8111A /* Project object */;
			proxyType = 1;
			remoteGlobalIDString = B3D3F01C22432A1500F8111A;
			remoteInfo = CinemaApp;
		};
/* End PBXContainerItemProxy section */

/* Begin PBXFileReference section */
		B3D3F01D22432A1500F8111A /* CinemaApp.app */ = {isa = PBXFileReference; explicitFileType = wrapper.application; includeInIndex = 0; path = CinemaApp.app; sourceTree = BUILT_PRODUCTS_DIR; };
		B3D3F02022432A1500F8111A /* AppDelegate.swift */ = {isa = PBXFileReference; lastKnownFileType = sourcecode.swift; path = AppDelegate.swift; sourceTree = "<group>"; };
		B3D3F02722432A1600F8111A /* Assets.xcassets */ = {isa = PBXFileReference; lastKnownFileType = folder.assetcatalog; path = Assets.xcassets; sourceTree = "<group>"; };
		B3D3F02A22432A1600F8111A /* Base */ = {isa = PBXFileReference; lastKnownFileType = file.storyboard; name = Base; path = Base.lproj/LaunchScreen.storyboard; sourceTree = "<group>"; };
		B3D3F02C22432A1600F8111A /* Info.plist */ = {isa = PBXFileReference; lastKnownFileType = text.plist.xml; path = Info.plist; sourceTree = "<group>"; };
		B3D3F03122432A1600F8111A /* CinemaAppTests.xctest */ = {isa = PBXFileReference; explicitFileType = wrapper.cfbundle; includeInIndex = 0; path = CinemaAppTests.xctest; sourceTree = BUILT_PRODUCTS_DIR; };
		B3D3F03522432A1600F8111A /* CinemaAppTests.swift */ = {isa = PBXFileReference; lastKnownFileType = sourcecode.swift; path = CinemaAppTests.swift; sourceTree = "<group>"; };
		B3D3F03722432A1600F8111A /* Info.plist */ = {isa = PBXFileReference; lastKnownFileType = text.plist.xml; path = Info.plist; sourceTree = "<group>"; };
		B3D3F03C22432A1600F8111A /* CinemaAppUITests.xctest */ = {isa = PBXFileReference; explicitFileType = wrapper.cfbundle; includeInIndex = 0; path = CinemaAppUITests.xctest; sourceTree = BUILT_PRODUCTS_DIR; };
		B3D3F04022432A1600F8111A /* CinemaAppUITests.swift */ = {isa = PBXFileReference; lastKnownFileType = sourcecode.swift; path = CinemaAppUITests.swift; sourceTree = "<group>"; };
		B3D3F04222432A1600F8111A /* Info.plist */ = {isa = PBXFileReference; lastKnownFileType = text.plist.xml; path = Info.plist; sourceTree = "<group>"; };
/* End PBXFileReference section */

/* Begin PBXFrameworksBuildPhase section */
		B3D3F01A22432A1500F8111A /* Frameworks */ = {
			isa = PBXFrameworksBuildPhase;
			buildActionMask = 2147483647;
			files = (
			);
			runOnlyForDeploymentPostprocessing = 0;
		};
		B3D3F02E22432A1600F8111A /* Frameworks */ = {
			isa = PBXFrameworksBuildPhase;
			buildActionMask = 2147483647;
			files = (
			);
			runOnlyForDeploymentPostprocessing = 0;
		};
		B3D3F03922432A1600F8111A /* Frameworks */ = {
			isa = PBXFrameworksBuildPhase;
			buildActionMask = 2147483647;
			files = (
			);
			runOnlyForDeploymentPostprocessing = 0;
		};
/* End PBXFrameworksBuildPhase section */

/* Begin PBXGroup section */
		B3D3F01422432A1500F8111A = {
			isa = PBXGroup;
			children = (
				B3D3F01F22432A1500F8111A /* CinemaApp */,
				B3D3F03422432A1600F8111A /* CinemaAppTests */,
				B3D3F03F22432A1600F8111A /* CinemaAppUITests */,
				B3D3F01E22432A1500F8111A /* Products */,
			);
			sourceTree = "<group>";
		};
		B3D3F01E22432A1500F8111A /* Products */ = {
			isa = PBXGroup;
			children = (
				B3D3F01D22432A1500F8111A /* CinemaApp.app */,
				B3D3F03122432A1600F8111A /* CinemaAppTests.xctest */,
				B3D3F03C22432A1600F8111A /* CinemaAppUITests.xctest */,
			);
			name = Products;
			sourceTree = "<group>";
		};
		B3D3F01F22432A1500F8111A /* CinemaApp */ = {
			isa = PBXGroup;
			children = (
				B3D3F04E22432BE400F8111A /* Default Files */,
				B3D3F02C22432A1600F8111A /* Info.plist */,
			);
			path = CinemaApp;
			sourceTree = "<group>";
		};
		B3D3F03422432A1600F8111A /* CinemaAppTests */ = {
			isa = PBXGroup;
			children = (
				B3D3F03522432A1600F8111A /* CinemaAppTests.swift */,
				B3D3F03722432A1600F8111A /* Info.plist */,
			);
			path = CinemaAppTests;
			sourceTree = "<group>";
		};
		B3D3F03F22432A1600F8111A /* CinemaAppUITests */ = {
			isa = PBXGroup;
			children = (
				B3D3F04022432A1600F8111A /* CinemaAppUITests.swift */,
				B3D3F04222432A1600F8111A /* Info.plist */,
			);
			path = CinemaAppUITests;
			sourceTree = "<group>";
		};
		B3D3F04E22432BE400F8111A /* Default Files */ = {
			isa = PBXGroup;
			children = (
				B3D3F04F22432C0700F8111A /* Media */,
				B3D3F05022432C1800F8111A /* Code Files */,
			);
			path = "Default Files";
			sourceTree = "<group>";
		};
		B3D3F04F22432C0700F8111A /* Media */ = {
			isa = PBXGroup;
			children = (
				B3D3F02722432A1600F8111A /* Assets.xcassets */,
				B3D3F02922432A1600F8111A /* LaunchScreen.storyboard */,
			);
			path = Media;
			sourceTree = "<group>";
		};
		B3D3F05022432C1800F8111A /* Code Files */ = {
			isa = PBXGroup;
			children = (
				B3D3F02022432A1500F8111A /* AppDelegate.swift */,
			);
			path = "Code Files";
			sourceTree = "<group>";
		};
/* End PBXGroup section */

/* Begin PBXNativeTarget section */
		B3D3F01C22432A1500F8111A /* CinemaApp */ = {
			isa = PBXNativeTarget;
			buildConfigurationList = B3D3F04522432A1600F8111A /* Build configuration list for PBXNativeTarget "CinemaApp" */;
			buildPhases = (
				B3D3F01922432A1500F8111A /* Sources */,
				B3D3F01A22432A1500F8111A /* Frameworks */,
				B3D3F01B22432A1500F8111A /* Resources */,
			);
			buildRules = (
			);
			dependencies = (
			);
			name = CinemaApp;
			productName = CinemaApp;
			productReference = B3D3F01D22432A1500F8111A /* CinemaApp.app */;
			productType = "com.apple.product-type.application";
		};
		B3D3F03022432A1600F8111A /* CinemaAppTests */ = {
			isa = PBXNativeTarget;
			buildConfigurationList = B3D3F04822432A1600F8111A /* Build configuration list for PBXNativeTarget "CinemaAppTests" */;
			buildPhases = (
				B3D3F02D22432A1600F8111A /* Sources */,
				B3D3F02E22432A1600F8111A /* Frameworks */,
				B3D3F02F22432A1600F8111A /* Resources */,
			);
			buildRules = (
			);
			dependencies = (
				B3D3F03322432A1600F8111A /* PBXTargetDependency */,
			);
			name = CinemaAppTests;
			productName = CinemaAppTests;
			productReference = B3D3F03122432A1600F8111A /* CinemaAppTests.xctest */;
			productType = "com.apple.product-type.bundle.unit-test";
		};
		B3D3F03B22432A1600F8111A /* CinemaAppUITests */ = {
			isa = PBXNativeTarget;
			buildConfigurationList = B3D3F04B22432A1600F8111A /* Build configuration list for PBXNativeTarget "CinemaAppUITests" */;
			buildPhases = (
				B3D3F03822432A1600F8111A /* Sources */,
				B3D3F03922432A1600F8111A /* Frameworks */,
				B3D3F03A22432A1600F8111A /* Resources */,
			);
			buildRules = (
			);
			dependencies = (
				B3D3F03E22432A1600F8111A /* PBXTargetDependency */,
			);
			name = CinemaAppUITests;
			productName = CinemaAppUITests;
			productReference = B3D3F03C22432A1600F8111A /* CinemaAppUITests.xctest */;
			productType = "com.apple.product-type.bundle.ui-testing";
		};
/* End PBXNativeTarget section */

/* Begin PBXProject section */
		B3D3F01522432A1500F8111A /* Project object */ = {
			isa = PBXProject;
			attributes = {
				LastSwiftUpdateCheck = 1010;
				LastUpgradeCheck = 1010;
				ORGANIZATIONNAME = "Adrian Wakefield";
				TargetAttributes = {
					B3D3F01C22432A1500F8111A = {
						CreatedOnToolsVersion = 10.1;
					};
					B3D3F03022432A1600F8111A = {
						CreatedOnToolsVersion = 10.1;
						TestTargetID = B3D3F01C22432A1500F8111A;
					};
					B3D3F03B22432A1600F8111A = {
						CreatedOnToolsVersion = 10.1;
						TestTargetID = B3D3F01C22432A1500F8111A;
					};
				};
			};
			buildConfigurationList = B3D3F01822432A1500F8111A /* Build configuration list for PBXProject "CinemaApp" */;
			compatibilityVersion = "Xcode 9.3";
			developmentRegion = en;
			hasScannedForEncodings = 0;
			knownRegions = (
				en,
				Base,
			);
			mainGroup = B3D3F01422432A1500F8111A;
			productRefGroup = B3D3F01E22432A1500F8111A /* Products */;
			projectDirPath = "";
			projectRoot = "";
			targets = (
				B3D3F01C22432A1500F8111A /* CinemaApp */,
				B3D3F03022432A1600F8111A /* CinemaAppTests */,
				B3D3F03B22432A1600F8111A /* CinemaAppUITests */,
			);
		};
/* End PBXProject section */

/* Begin PBXResourcesBuildPhase section */
		B3D3F01B22432A1500F8111A /* Resources */ = {
			isa = PBXResourcesBuildPhase;
			buildActionMask = 2147483647;
			files = (
				B3D3F02B22432A1600F8111A /* LaunchScreen.storyboard in Resources */,
				B3D3F02822432A1600F8111A /* Assets.xcassets in Resources */,
			);
			runOnlyForDeploymentPostprocessing = 0;
		};
		B3D3F02F22432A1600F8111A /* Resources */ = {
			isa = PBXResourcesBuildPhase;
			buildActionMask = 2147483647;
			files = (
			);
			runOnlyForDeploymentPostprocessing = 0;
		};
		B3D3F03A22432A1600F8111A /* Resources */ = {
			isa = PBXResourcesBuildPhase;
			buildActionMask = 2147483647;
			files = (
			);
			runOnlyForDeploymentPostprocessing = 0;
		};
/* End PBXResourcesBuildPhase section */

/* Begin PBXSourcesBuildPhase section */
		B3D3F01922432A1500F8111A /* Sources */ = {
			isa = PBXSourcesBuildPhase;
			buildActionMask = 2147483647;
			files = (
				B3D3F02122432A1500F8111A /* AppDelegate.swift in Sources */,
			);
			runOnlyForDeploymentPostprocessing = 0;
		};
		B3D3F02D22432A1600F8111A /* Sources */ = {
			isa = PBXSourcesBuildPhase;
			buildActionMask = 2147483647;
			files = (
				B3D3F03622432A1600F8111A /* CinemaAppTests.swift in Sources */,
			);
			runOnlyForDeploymentPostprocessing = 0;
		};
		B3D3F03822432A1600F8111A /* Sources */ = {
			isa = PBXSourcesBuildPhase;
			buildActionMask = 2147483647;
			files = (
				B3D3F04122432A1600F8111A /* CinemaAppUITests.swift in Sources */,
			);
			runOnlyForDeploymentPostprocessing = 0;
		};
/* End PBXSourcesBuildPhase section */

/* Begin PBXTargetDependency section */
		B3D3F03322432A1600F8111A /* PBXTargetDependency */ = {
			isa = PBXTargetDependency;
			target = B3D3F01C22432A1500F8111A /* CinemaApp */;
			targetProxy = B3D3F03222432A1600F8111A /* PBXContainerItemProxy */;
		};
		B3D3F03E22432A1600F8111A /* PBXTargetDependency */ = {
			isa = PBXTargetDependency;
			target = B3D3F01C22432A1500F8111A /* CinemaApp */;
			targetProxy = B3D3F03D22432A1600F8111A /* PBXContainerItemProxy */;
		};
/* End PBXTargetDependency section */

/* Begin PBXVariantGroup section */
		B3D3F02922432A1600F8111A /* LaunchScreen.storyboard */ = {
			isa = PBXVariantGroup;
			children = (
				B3D3F02A22432A1600F8111A /* Base */,
			);
			name = LaunchScreen.storyboard;
			sourceTree = "<group>";
		};
/* End PBXVariantGroup section */

/* Begin XCBuildConfiguration section */
		B3D3F04322432A1600F8111A /* Debug */ = {
			isa = XCBuildConfiguration;
			buildSettings = {
				ALWAYS_SEARCH_USER_PATHS = NO;
				CLANG_ANALYZER_NONNULL = YES;
				CLANG_ANALYZER_NUMBER_OBJECT_CONVERSION = YES_AGGRESSIVE;
				CLANG_CXX_LANGUAGE_STANDARD = "gnu++14";
				CLANG_CXX_LIBRARY = "libc++";
				CLANG_ENABLE_MODULES = YES;
				CLANG_ENABLE_OBJC_ARC = YES;
				CLANG_ENABLE_OBJC_WEAK = YES;
				CLANG_WARN_BLOCK_CAPTURE_AUTORELEASING = YES;
				CLANG_WARN_BOOL_CONVERSION = YES;
				CLANG_WARN_COMMA = YES;
				CLANG_WARN_CONSTANT_CONVERSION = YES;
				CLANG_WARN_DEPRECATED_OBJC_IMPLEMENTATIONS = YES;
				CLANG_WARN_DIRECT_OBJC_ISA_USAGE = YES_ERROR;
				CLANG_WARN_DOCUMENTATION_COMMENTS = YES;
				CLANG_WARN_EMPTY_BODY = YES;
				CLANG_WARN_ENUM_CONVERSION = YES;
				CLANG_WARN_INFINITE_RECURSION = YES;
				CLANG_WARN_INT_CONVERSION = YES;
				CLANG_WARN_NON_LITERAL_NULL_CONVERSION = YES;
				CLANG_WARN_OBJC_IMPLICIT_RETAIN_SELF = YES;
				CLANG_WARN_OBJC_LITERAL_CONVERSION = YES;
				CLANG_WARN_OBJC_ROOT_CLASS = YES_ERROR;
				CLANG_WARN_RANGE_LOOP_ANALYSIS = YES;
				CLANG_WARN_STRICT_PROTOTYPES = YES;
				CLANG_WARN_SUSPICIOUS_MOVE = YES;
				CLANG_WARN_UNGUARDED_AVAILABILITY = YES_AGGRESSIVE;
				CLANG_WARN_UNREACHABLE_CODE = YES;
				CLANG_WARN__DUPLICATE_METHOD_MATCH = YES;
				CODE_SIGN_IDENTITY = "iPhone Developer";
				COPY_PHASE_STRIP = NO;
				DEBUG_INFORMATION_FORMAT = dwarf;
				ENABLE_STRICT_OBJC_MSGSEND = YES;
				ENABLE_TESTABILITY = YES;
				GCC_C_LANGUAGE_STANDARD = gnu11;
				GCC_DYNAMIC_NO_PIC = NO;
				GCC_NO_COMMON_BLOCKS = YES;
				GCC_OPTIMIZATION_LEVEL = 0;
				GCC_PREPROCESSOR_DEFINITIONS = (
					"DEBUG=1",
					"$(inherited)",
				);
				GCC_WARN_64_TO_32_BIT_CONVERSION = YES;
				GCC_WARN_ABOUT_RETURN_TYPE = YES_ERROR;
				GCC_WARN_UNDECLARED_SELECTOR = YES;
				GCC_WARN_UNINITIALIZED_AUTOS = YES_AGGRESSIVE;
				GCC_WARN_UNUSED_FUNCTION = YES;
				GCC_WARN_UNUSED_VARIABLE = YES;
				IPHONEOS_DEPLOYMENT_TARGET = 12.1;
				MTL_ENABLE_DEBUG_INFO = INCLUDE_SOURCE;
				MTL_FAST_MATH = YES;
				ONLY_ACTIVE_ARCH = YES;
				SDKROOT = iphoneos;
				SWIFT_ACTIVE_COMPILATION_CONDITIONS = DEBUG;
				SWIFT_OPTIMIZATION_LEVEL = "-Onone";
			};
			name = Debug;
		};
		B3D3F04422432A1600F8111A /* Release */ = {
			isa = XCBuildConfiguration;
			buildSettings = {
				ALWAYS_SEARCH_USER_PATHS = NO;
				CLANG_ANALYZER_NONNULL = YES;
				CLANG_ANALYZER_NUMBER_OBJECT_CONVERSION = YES_AGGRESSIVE;
				CLANG_CXX_LANGUAGE_STANDARD = "gnu++14";
				CLANG_CXX_LIBRARY = "libc++";
				CLANG_ENABLE_MODULES = YES;
				CLANG_ENABLE_OBJC_ARC = YES;
				CLANG_ENABLE_OBJC_WEAK = YES;
				CLANG_WARN_BLOCK_CAPTURE_AUTORELEASING = YES;
				CLANG_WARN_BOOL_CONVERSION = YES;
				CLANG_WARN_COMMA = YES;
				CLANG_WARN_CONSTANT_CONVERSION = YES;
				CLANG_WARN_DEPRECATED_OBJC_IMPLEMENTATIONS = YES;
				CLANG_WARN_DIRECT_OBJC_ISA_USAGE = YES_ERROR;
				CLANG_WARN_DOCUMENTATION_COMMENTS = YES;
				CLANG_WARN_EMPTY_BODY = YES;
				CLANG_WARN_ENUM_CONVERSION = YES;
				CLANG_WARN_INFINITE_RECURSION = YES;
				CLANG_WARN_INT_CONVERSION = YES;
				CLANG_WARN_NON_LITERAL_NULL_CONVERSION = YES;
				CLANG_WARN_OBJC_IMPLICIT_RETAIN_SELF = YES;
				CLANG_WARN_OBJC_LITERAL_CONVERSION = YES;
				CLANG_WARN_OBJC_ROOT_CLASS = YES_ERROR;
				CLANG_WARN_RANGE_LOOP_ANALYSIS = YES;
				CLANG_WARN_STRICT_PROTOTYPES = YES;
				CLANG_WARN_SUSPICIOUS_MOVE = YES;
				CLANG_WARN_UNGUARDED_AVAILABILITY = YES_AGGRESSIVE;
				CLANG_WARN_UNREACHABLE_CODE = YES;
				CLANG_WARN__DUPLICATE_METHOD_MATCH = YES;
				CODE_SIGN_IDENTITY = "iPhone Developer";
				COPY_PHASE_STRIP = NO;
				DEBUG_INFORMATION_FORMAT = "dwarf-with-dsym";
				ENABLE_NS_ASSERTIONS = NO;
				ENABLE_STRICT_OBJC_MSGSEND = YES;
				GCC_C_LANGUAGE_STANDARD = gnu11;
				GCC_NO_COMMON_BLOCKS = YES;
				GCC_WARN_64_TO_32_BIT_CONVERSION = YES;
				GCC_WARN_ABOUT_RETURN_TYPE = YES_ERROR;
				GCC_WARN_UNDECLARED_SELECTOR = YES;
				GCC_WARN_UNINITIALIZED_AUTOS = YES_AGGRESSIVE;
				GCC_WARN_UNUSED_FUNCTION = YES;
				GCC_WARN_UNUSED_VARIABLE = YES;
				IPHONEOS_DEPLOYMENT_TARGET = 12.1;
				MTL_ENABLE_DEBUG_INFO = NO;
				MTL_FAST_MATH = YES;
				SDKROOT = iphoneos;
				SWIFT_COMPILATION_MODE = wholemodule;
				SWIFT_OPTIMIZATION_LEVEL = "-O";
				VALIDATE_PRODUCT = YES;
			};
			name = Release;
		};
		B3D3F04622432A1600F8111A /* Debug */ = {
			isa = XCBuildConfiguration;
			buildSettings = {
				ASSETCATALOG_COMPILER_APPICON_NAME = AppIcon;
				CODE_SIGN_STYLE = Automatic;
				INFOPLIST_FILE = CinemaApp/Info.plist;
				LD_RUNPATH_SEARCH_PATHS = (
					"$(inherited)",
					"@executable_path/Frameworks",
				);
				PRODUCT_BUNDLE_IDENTIFIER = com.wakefieldadrian.CinemaApp;
				PRODUCT_NAME = "$(TARGET_NAME)";
				SWIFT_VERSION = 4.2;
				TARGETED_DEVICE_FAMILY = "1,2";
			};
			name = Debug;
		};
		B3D3F04722432A1600F8111A /* Release */ = {
			isa = XCBuildConfiguration;
			buildSettings = {
				ASSETCATALOG_COMPILER_APPICON_NAME = AppIcon;
				CODE_SIGN_STYLE = Automatic;
				INFOPLIST_FILE = CinemaApp/Info.plist;
				LD_RUNPATH_SEARCH_PATHS = (
					"$(inherited)",
					"@executable_path/Frameworks",
				);
				PRODUCT_BUNDLE_IDENTIFIER = com.wakefieldadrian.CinemaApp;
				PRODUCT_NAME = "$(TARGET_NAME)";
				SWIFT_VERSION = 4.2;
				TARGETED_DEVICE_FAMILY = "1,2";
			};
			name = Release;
		};
		B3D3F04922432A1600F8111A /* Debug */ = {
			isa = XCBuildConfiguration;
			buildSettings = {
				ALWAYS_EMBED_SWIFT_STANDARD_LIBRARIES = YES;
				BUNDLE_LOADER = "$(TEST_HOST)";
				CODE_SIGN_STYLE = Automatic;
				INFOPLIST_FILE = CinemaAppTests/Info.plist;
				LD_RUNPATH_SEARCH_PATHS = (
					"$(inherited)",
					"@executable_path/Frameworks",
					"@loader_path/Frameworks",
				);
				PRODUCT_BUNDLE_IDENTIFIER = com.wakefieldadrian.CinemaAppTests;
				PRODUCT_NAME = "$(TARGET_NAME)";
				SWIFT_VERSION = 4.2;
				TARGETED_DEVICE_FAMILY = "1,2";
				TEST_HOST = "$(BUILT_PRODUCTS_DIR)/CinemaApp.app/CinemaApp";
			};
			name = Debug;
		};
		B3D3F04A22432A1600F8111A /* Release */ = {
			isa = XCBuildConfiguration;
			buildSettings = {
				ALWAYS_EMBED_SWIFT_STANDARD_LIBRARIES = YES;
				BUNDLE_LOADER = "$(TEST_HOST)";
				CODE_SIGN_STYLE = Automatic;
				INFOPLIST_FILE = CinemaAppTests/Info.plist;
				LD_RUNPATH_SEARCH_PATHS = (
					"$(inherited)",
					"@executable_path/Frameworks",
					"@loader_path/Frameworks",
				);
				PRODUCT_BUNDLE_IDENTIFIER = com.wakefieldadrian.CinemaAppTests;
				PRODUCT_NAME = "$(TARGET_NAME)";
				SWIFT_VERSION = 4.2;
				TARGETED_DEVICE_FAMILY = "1,2";
				TEST_HOST = "$(BUILT_PRODUCTS_DIR)/CinemaApp.app/CinemaApp";
			};
			name = Release;
		};
		B3D3F04C22432A1600F8111A /* Debug */ = {
			isa = XCBuildConfiguration;
			buildSettings = {
				ALWAYS_EMBED_SWIFT_STANDARD_LIBRARIES = YES;
				CODE_SIGN_STYLE = Automatic;
				INFOPLIST_FILE = CinemaAppUITests/Info.plist;
				LD_RUNPATH_SEARCH_PATHS = (
					"$(inherited)",
					"@executable_path/Frameworks",
					"@loader_path/Frameworks",
				);
				PRODUCT_BUNDLE_IDENTIFIER = com.wakefieldadrian.CinemaAppUITests;
				PRODUCT_NAME = "$(TARGET_NAME)";
				SWIFT_VERSION = 4.2;
				TARGETED_DEVICE_FAMILY = "1,2";
				TEST_TARGET_NAME = CinemaApp;
			};
			name = Debug;
		};
		B3D3F04D22432A1600F8111A /* Release */ = {
			isa = XCBuildConfiguration;
			buildSettings = {
				ALWAYS_EMBED_SWIFT_STANDARD_LIBRARIES = YES;
				CODE_SIGN_STYLE = Automatic;
				INFOPLIST_FILE = CinemaAppUITests/Info.plist;
				LD_RUNPATH_SEARCH_PATHS = (
					"$(inherited)",
					"@executable_path/Frameworks",
					"@loader_path/Frameworks",
				);
				PRODUCT_BUNDLE_IDENTIFIER = com.wakefieldadrian.CinemaAppUITests;
				PRODUCT_NAME = "$(TARGET_NAME)";
				SWIFT_VERSION = 4.2;
				TARGETED_DEVICE_FAMILY = "1,2";
				TEST_TARGET_NAME = CinemaApp;
			};
			name = Release;
		};
/* End XCBuildConfiguration section */

/* Begin XCConfigurationList section */
		B3D3F01822432A1500F8111A /* Build configuration list for PBXProject "CinemaApp" */ = {
			isa = XCConfigurationList;
			buildConfigurations = (
				B3D3F04322432A1600F8111A /* Debug */,
				B3D3F04422432A1600F8111A /* Release */,
			);
			defaultConfigurationIsVisible = 0;
			defaultConfigurationName = Release;
		};
		B3D3F04522432A1600F8111A /* Build configuration list for PBXNativeTarget "CinemaApp" */ = {
			isa = XCConfigurationList;
			buildConfigurations = (
				B3D3F04622432A1600F8111A /* Debug */,
				B3D3F04722432A1600F8111A /* Release */,
			);
			defaultConfigurationIsVisible = 0;
			defaultConfigurationName = Release;
		};
		B3D3F04822432A1600F8111A /* Build configuration list for PBXNativeTarget "CinemaAppTests" */ = {
			isa = XCConfigurationList;
			buildConfigurations = (
				B3D3F04922432A1600F8111A /* Debug */,
				B3D3F04A22432A1600F8111A /* Release */,
			);
			defaultConfigurationIsVisible = 0;
			defaultConfigurationName = Release;
		};
		B3D3F04B22432A1600F8111A /* Build configuration list for PBXNativeTarget "CinemaAppUITests" */ = {
			isa = XCConfigurationList;
			buildConfigurations = (
				B3D3F04C22432A1600F8111A /* Debug */,
				B3D3F04D22432A1600F8111A /* Release */,
			);
			defaultConfigurationIsVisible = 0;
			defaultConfigurationName = Release;
		};
/* End XCConfigurationList section */
	};
	rootObject = B3D3F01522432A1500F8111A /* Project object */;
}
